
Microsoft Visual Studio Solution File, Format Version 12.00
# Visual Studio Version 17
VisualStudioVersion = 17.8.34330.188
MinimumVisualStudioVersion = 10.0.40219.1
Project("{2150E333-8FDC-42A3-9474-1A3956D46DE8}") = "Services", "Services", "{005A63E0-E0BD-4EA9-A6A9-A28146F6E820}"
EndProject
Project("{2150E333-8FDC-42A3-9474-1A3956D46DE8}") = "Catalog", "Catalog", "{D432F337-195E-454D-9072-F25B6A51C8DE}"
EndProject
Project("{9A19103F-16F7-4668-BE54-9A1E7A4F7556}") = "Catalog.API", "Services\Catalog\Catalog.API\Catalog.API.csproj", "{DDD64AF4-4E89-4F73-85D7-2DB4764FFF2D}"
EndProject
Project("{9A19103F-16F7-4668-BE54-9A1E7A4F7556}") = "Catalog.Application", "Services\Catalog\Catalog.Application\Catalog.Application.csproj", "{868F2726-C55E-481E-81D1-FAE5D9F6FCA4}"
EndProject
Project("{9A19103F-16F7-4668-BE54-9A1E7A4F7556}") = "Catalog.Infrastructure", "Services\Catalog\Catalog.Infrastructure\Catalog.Infrastructure.csproj", "{80135AC2-294F-4847-BFD0-D37901A2A67D}"
EndProject
Project("{9A19103F-16F7-4668-BE54-9A1E7A4F7556}") = "Catalog.Core", "Services\Catalog\Catalog.Core\Catalog.Core.csproj", "{6250EB2C-2BA4-41F1-83C6-C8843A4ABFD7}"
EndProject
Project("{E53339B2-1760-4266-BCC7-CA923CBCF16C}") = "docker-compose", "docker-compose.dcproj", "{36AF7CFB-039A-47B9-B4E1-0265DC6BB0D3}"
EndProject
Project("{2150E333-8FDC-42A3-9474-1A3956D46DE8}") = "Basket", "Basket", "{0ADDD6B8-8612-425F-A947-63A3AE2A5D62}"
EndProject
Project("{9A19103F-16F7-4668-BE54-9A1E7A4F7556}") = "Basket.Core", "Services\Basket\Basket.Core\Basket.Core.csproj", "{AC47DACE-9501-4931-9664-E0DF1635BF3E}"
EndProject
Project("{9A19103F-16F7-4668-BE54-9A1E7A4F7556}") = "Basket.Application", "Services\Basket\Basket.Application\Basket.Application.csproj", "{486C9CFA-E006-4CE9-A73C-C65239014F01}"
EndProject
Project("{9A19103F-16F7-4668-BE54-9A1E7A4F7556}") = "Basket.Infrastructure", "Services\Basket\Basket.Infrastructure\Basket.Infrastructure.csproj", "{6AFDBD4A-C29C-4BAF-9565-8024BBEE5AEB}"
EndProject
Project("{9A19103F-16F7-4668-BE54-9A1E7A4F7556}") = "Basket.API", "Services\Basket\Basket.API\Basket.API.csproj", "{87138F94-1FDE-47EA-ACB3-7E766AE38AF3}"
EndProject
Project("{2150E333-8FDC-42A3-9474-1A3956D46DE8}") = "Discount", "Discount", "{7F20DEAE-EDBC-4C5D-8FA0-DFB8671113B3}"
EndProject
Project("{9A19103F-16F7-4668-BE54-9A1E7A4F7556}") = "Discount.API", "Services\Discount\Discount.API\Discount.API.csproj", "{282BBABA-8A43-4218-89CC-13EC6BA5BD7B}"
EndProject
Project("{9A19103F-16F7-4668-BE54-9A1E7A4F7556}") = "Discount.Core", "Services\Discount\Discount.Core\Discount.Core.csproj", "{784FCCBC-127A-4B32-B9A7-FD95B41F33FB}"
EndProject
Project("{9A19103F-16F7-4668-BE54-9A1E7A4F7556}") = "Discount.Infrastructure", "Services\Discount\Discount.Infrastructure\Discount.Infrastructure.csproj", "{F261D1AD-7F98-4C6C-A4D6-A9551ACF096F}"
EndProject
Project("{9A19103F-16F7-4668-BE54-9A1E7A4F7556}") = "Discount.Application", "Services\Discount\Discount.Application\Discount.Application.csproj", "{9268327E-5DD5-4E2B-96AD-9B0C6F009F57}"
EndProject
Project("{2150E333-8FDC-42A3-9474-1A3956D46DE8}") = "Ordering", "Ordering", "{3D150ED8-07DE-4277-AB1A-FF69ECBAED46}"
EndProject
Project("{9A19103F-16F7-4668-BE54-9A1E7A4F7556}") = "Ordering.API", "Services\Ordering\Ordering.API\Ordering.API.csproj", "{9D3A6E8B-527C-44E4-B22F-C0C56E103E10}"
EndProject
Project("{9A19103F-16F7-4668-BE54-9A1E7A4F7556}") = "Ordering.Core", "Services\Ordering\Ordering.Core\Ordering.Core.csproj", "{46044748-36A7-4D42-A8D7-D62C0C80587B}"
EndProject
Project("{9A19103F-16F7-4668-BE54-9A1E7A4F7556}") = "Ordering.Application", "Services\Ordering\Ordering.Application\Ordering.Application.csproj", "{20A0382E-A424-40BD-9BAE-F21EBBE4F3A2}"
EndProject
Project("{9A19103F-16F7-4668-BE54-9A1E7A4F7556}") = "Ordering.Infrastructure", "Services\Ordering\Ordering.Infrastructure\Ordering.Infrastructure.csproj", "{AB23DECD-D239-4280-9C6C-D2EC8A23C559}"
EndProject
Project("{2150E333-8FDC-42A3-9474-1A3956D46DE8}") = "Infrastructure", "Infrastructure", "{F6EC7CD2-3BE8-4B6C-8CF1-59A1853877AC}"
EndProject
Project("{FAE04EC0-301F-11D3-BF4B-00C04F79EFBC}") = "EventBus.Messages", "Infrastructure\EventBus.Messages\EventBus.Messages.csproj", "{22FFEDEA-E84C-4874-9663-3157548B9E55}"
EndProject
Global
	GlobalSection(SolutionConfigurationPlatforms) = preSolution
		Debug|Any CPU = Debug|Any CPU
		Release|Any CPU = Release|Any CPU
	EndGlobalSection
	GlobalSection(ProjectConfigurationPlatforms) = postSolution
		{DDD64AF4-4E89-4F73-85D7-2DB4764FFF2D}.Debug|Any CPU.ActiveCfg = Debug|Any CPU
		{DDD64AF4-4E89-4F73-85D7-2DB4764FFF2D}.Debug|Any CPU.Build.0 = Debug|Any CPU
		{DDD64AF4-4E89-4F73-85D7-2DB4764FFF2D}.Release|Any CPU.ActiveCfg = Release|Any CPU
		{DDD64AF4-4E89-4F73-85D7-2DB4764FFF2D}.Release|Any CPU.Build.0 = Release|Any CPU
		{868F2726-C55E-481E-81D1-FAE5D9F6FCA4}.Debug|Any CPU.ActiveCfg = Debug|Any CPU
		{868F2726-C55E-481E-81D1-FAE5D9F6FCA4}.Debug|Any CPU.Build.0 = Debug|Any CPU
		{868F2726-C55E-481E-81D1-FAE5D9F6FCA4}.Release|Any CPU.ActiveCfg = Release|Any CPU
		{868F2726-C55E-481E-81D1-FAE5D9F6FCA4}.Release|Any CPU.Build.0 = Release|Any CPU
		{80135AC2-294F-4847-BFD0-D37901A2A67D}.Debug|Any CPU.ActiveCfg = Debug|Any CPU
		{80135AC2-294F-4847-BFD0-D37901A2A67D}.Debug|Any CPU.Build.0 = Debug|Any CPU
		{80135AC2-294F-4847-BFD0-D37901A2A67D}.Release|Any CPU.ActiveCfg = Release|Any CPU
		{80135AC2-294F-4847-BFD0-D37901A2A67D}.Release|Any CPU.Build.0 = Release|Any CPU
		{6250EB2C-2BA4-41F1-83C6-C8843A4ABFD7}.Debug|Any CPU.ActiveCfg = Debug|Any CPU
		{6250EB2C-2BA4-41F1-83C6-C8843A4ABFD7}.Debug|Any CPU.Build.0 = Debug|Any CPU
		{6250EB2C-2BA4-41F1-83C6-C8843A4ABFD7}.Release|Any CPU.ActiveCfg = Release|Any CPU
		{6250EB2C-2BA4-41F1-83C6-C8843A4ABFD7}.Release|Any CPU.Build.0 = Release|Any CPU
		{36AF7CFB-039A-47B9-B4E1-0265DC6BB0D3}.Debug|Any CPU.ActiveCfg = Debug|Any CPU
		{36AF7CFB-039A-47B9-B4E1-0265DC6BB0D3}.Debug|Any CPU.Build.0 = Debug|Any CPU
		{36AF7CFB-039A-47B9-B4E1-0265DC6BB0D3}.Release|Any CPU.ActiveCfg = Release|Any CPU
		{36AF7CFB-039A-47B9-B4E1-0265DC6BB0D3}.Release|Any CPU.Build.0 = Release|Any CPU
		{AC47DACE-9501-4931-9664-E0DF1635BF3E}.Debug|Any CPU.ActiveCfg = Debug|Any CPU
		{AC47DACE-9501-4931-9664-E0DF1635BF3E}.Debug|Any CPU.Build.0 = Debug|Any CPU
		{AC47DACE-9501-4931-9664-E0DF1635BF3E}.Release|Any CPU.ActiveCfg = Release|Any CPU
		{AC47DACE-9501-4931-9664-E0DF1635BF3E}.Release|Any CPU.Build.0 = Release|Any CPU
		{486C9CFA-E006-4CE9-A73C-C65239014F01}.Debug|Any CPU.ActiveCfg = Debug|Any CPU
		{486C9CFA-E006-4CE9-A73C-C65239014F01}.Debug|Any CPU.Build.0 = Debug|Any CPU
		{486C9CFA-E006-4CE9-A73C-C65239014F01}.Release|Any CPU.ActiveCfg = Release|Any CPU
		{486C9CFA-E006-4CE9-A73C-C65239014F01}.Release|Any CPU.Build.0 = Release|Any CPU
		{6AFDBD4A-C29C-4BAF-9565-8024BBEE5AEB}.Debug|Any CPU.ActiveCfg = Debug|Any CPU
		{6AFDBD4A-C29C-4BAF-9565-8024BBEE5AEB}.Debug|Any CPU.Build.0 = Debug|Any CPU
		{6AFDBD4A-C29C-4BAF-9565-8024BBEE5AEB}.Release|Any CPU.ActiveCfg = Release|Any CPU
		{6AFDBD4A-C29C-4BAF-9565-8024BBEE5AEB}.Release|Any CPU.Build.0 = Release|Any CPU
		{87138F94-1FDE-47EA-ACB3-7E766AE38AF3}.Debug|Any CPU.ActiveCfg = Debug|Any CPU
		{87138F94-1FDE-47EA-ACB3-7E766AE38AF3}.Debug|Any CPU.Build.0 = Debug|Any CPU
		{87138F94-1FDE-47EA-ACB3-7E766AE38AF3}.Release|Any CPU.ActiveCfg = Release|Any CPU
		{87138F94-1FDE-47EA-ACB3-7E766AE38AF3}.Release|Any CPU.Build.0 = Release|Any CPU
		{282BBABA-8A43-4218-89CC-13EC6BA5BD7B}.Debug|Any CPU.ActiveCfg = Debug|Any CPU
		{282BBABA-8A43-4218-89CC-13EC6BA5BD7B}.Debug|Any CPU.Build.0 = Debug|Any CPU
		{282BBABA-8A43-4218-89CC-13EC6BA5BD7B}.Release|Any CPU.ActiveCfg = Release|Any CPU
		{282BBABA-8A43-4218-89CC-13EC6BA5BD7B}.Release|Any CPU.Build.0 = Release|Any CPU
		{784FCCBC-127A-4B32-B9A7-FD95B41F33FB}.Debug|Any CPU.ActiveCfg = Debug|Any CPU
		{784FCCBC-127A-4B32-B9A7-FD95B41F33FB}.Debug|Any CPU.Build.0 = Debug|Any CPU
		{784FCCBC-127A-4B32-B9A7-FD95B41F33FB}.Release|Any CPU.ActiveCfg = Release|Any CPU
		{784FCCBC-127A-4B32-B9A7-FD95B41F33FB}.Release|Any CPU.Build.0 = Release|Any CPU
		{F261D1AD-7F98-4C6C-A4D6-A9551ACF096F}.Debug|Any CPU.ActiveCfg = Debug|Any CPU
		{F261D1AD-7F98-4C6C-A4D6-A9551ACF096F}.Debug|Any CPU.Build.0 = Debug|Any CPU
		{F261D1AD-7F98-4C6C-A4D6-A9551ACF096F}.Release|Any CPU.ActiveCfg = Release|Any CPU
		{F261D1AD-7F98-4C6C-A4D6-A9551ACF096F}.Release|Any CPU.Build.0 = Release|Any CPU
		{9268327E-5DD5-4E2B-96AD-9B0C6F009F57}.Debug|Any CPU.ActiveCfg = Debug|Any CPU
		{9268327E-5DD5-4E2B-96AD-9B0C6F009F57}.Debug|Any CPU.Build.0 = Debug|Any CPU
		{9268327E-5DD5-4E2B-96AD-9B0C6F009F57}.Release|Any CPU.ActiveCfg = Release|Any CPU
		{9268327E-5DD5-4E2B-96AD-9B0C6F009F57}.Release|Any CPU.Build.0 = Release|Any CPU
		{9D3A6E8B-527C-44E4-B22F-C0C56E103E10}.Debug|Any CPU.ActiveCfg = Debug|Any CPU
		{9D3A6E8B-527C-44E4-B22F-C0C56E103E10}.Debug|Any CPU.Build.0 = Debug|Any CPU
		{9D3A6E8B-527C-44E4-B22F-C0C56E103E10}.Release|Any CPU.ActiveCfg = Release|Any CPU
		{9D3A6E8B-527C-44E4-B22F-C0C56E103E10}.Release|Any CPU.Build.0 = Release|Any CPU
		{46044748-36A7-4D42-A8D7-D62C0C80587B}.Debug|Any CPU.ActiveCfg = Debug|Any CPU
		{46044748-36A7-4D42-A8D7-D62C0C80587B}.Debug|Any CPU.Build.0 = Debug|Any CPU
		{46044748-36A7-4D42-A8D7-D62C0C80587B}.Release|Any CPU.ActiveCfg = Release|Any CPU
		{46044748-36A7-4D42-A8D7-D62C0C80587B}.Release|Any CPU.Build.0 = Release|Any CPU
		{20A0382E-A424-40BD-9BAE-F21EBBE4F3A2}.Debug|Any CPU.ActiveCfg = Debug|Any CPU
		{20A0382E-A424-40BD-9BAE-F21EBBE4F3A2}.Debug|Any CPU.Build.0 = Debug|Any CPU
		{20A0382E-A424-40BD-9BAE-F21EBBE4F3A2}.Release|Any CPU.ActiveCfg = Release|Any CPU
		{20A0382E-A424-40BD-9BAE-F21EBBE4F3A2}.Release|Any CPU.Build.0 = Release|Any CPU
		{AB23DECD-D239-4280-9C6C-D2EC8A23C559}.Debug|Any CPU.ActiveCfg = Debug|Any CPU
		{AB23DECD-D239-4280-9C6C-D2EC8A23C559}.Debug|Any CPU.Build.0 = Debug|Any CPU
		{AB23DECD-D239-4280-9C6C-D2EC8A23C559}.Release|Any CPU.ActiveCfg = Release|Any CPU
		{AB23DECD-D239-4280-9C6C-D2EC8A23C559}.Release|Any CPU.Build.0 = Release|Any CPU
		{22FFEDEA-E84C-4874-9663-3157548B9E55}.Debug|Any CPU.ActiveCfg = Debug|Any CPU
		{22FFEDEA-E84C-4874-9663-3157548B9E55}.Debug|Any CPU.Build.0 = Debug|Any CPU
		{22FFEDEA-E84C-4874-9663-3157548B9E55}.Release|Any CPU.ActiveCfg = Release|Any CPU
		{22FFEDEA-E84C-4874-9663-3157548B9E55}.Release|Any CPU.Build.0 = Release|Any CPU
	EndGlobalSection
	GlobalSection(SolutionProperties) = preSolution
		HideSolutionNode = FALSE
	EndGlobalSection
	GlobalSection(NestedProjects) = preSolution
		{D432F337-195E-454D-9072-F25B6A51C8DE} = {005A63E0-E0BD-4EA9-A6A9-A28146F6E820}
		{DDD64AF4-4E89-4F73-85D7-2DB4764FFF2D} = {D432F337-195E-454D-9072-F25B6A51C8DE}
		{868F2726-C55E-481E-81D1-FAE5D9F6FCA4} = {D432F337-195E-454D-9072-F25B6A51C8DE}
		{80135AC2-294F-4847-BFD0-D37901A2A67D} = {D432F337-195E-454D-9072-F25B6A51C8DE}
		{6250EB2C-2BA4-41F1-83C6-C8843A4ABFD7} = {D432F337-195E-454D-9072-F25B6A51C8DE}
		{0ADDD6B8-8612-425F-A947-63A3AE2A5D62} = {005A63E0-E0BD-4EA9-A6A9-A28146F6E820}
		{AC47DACE-9501-4931-9664-E0DF1635BF3E} = {0ADDD6B8-8612-425F-A947-63A3AE2A5D62}
		{486C9CFA-E006-4CE9-A73C-C65239014F01} = {0ADDD6B8-8612-425F-A947-63A3AE2A5D62}
		{6AFDBD4A-C29C-4BAF-9565-8024BBEE5AEB} = {0ADDD6B8-8612-425F-A947-63A3AE2A5D62}
		{87138F94-1FDE-47EA-ACB3-7E766AE38AF3} = {0ADDD6B8-8612-425F-A947-63A3AE2A5D62}
		{7F20DEAE-EDBC-4C5D-8FA0-DFB8671113B3} = {005A63E0-E0BD-4EA9-A6A9-A28146F6E820}
		{282BBABA-8A43-4218-89CC-13EC6BA5BD7B} = {7F20DEAE-EDBC-4C5D-8FA0-DFB8671113B3}
		{784FCCBC-127A-4B32-B9A7-FD95B41F33FB} = {7F20DEAE-EDBC-4C5D-8FA0-DFB8671113B3}
		{F261D1AD-7F98-4C6C-A4D6-A9551ACF096F} = {7F20DEAE-EDBC-4C5D-8FA0-DFB8671113B3}
		{9268327E-5DD5-4E2B-96AD-9B0C6F009F57} = {7F20DEAE-EDBC-4C5D-8FA0-DFB8671113B3}
		{3D150ED8-07DE-4277-AB1A-FF69ECBAED46} = {005A63E0-E0BD-4EA9-A6A9-A28146F6E820}
		{9D3A6E8B-527C-44E4-B22F-C0C56E103E10} = {3D150ED8-07DE-4277-AB1A-FF69ECBAED46}
		{46044748-36A7-4D42-A8D7-D62C0C80587B} = {3D150ED8-07DE-4277-AB1A-FF69ECBAED46}
		{20A0382E-A424-40BD-9BAE-F21EBBE4F3A2} = {3D150ED8-07DE-4277-AB1A-FF69ECBAED46}
		{AB23DECD-D239-4280-9C6C-D2EC8A23C559} = {3D150ED8-07DE-4277-AB1A-FF69ECBAED46}
		{22FFEDEA-E84C-4874-9663-3157548B9E55} = {F6EC7CD2-3BE8-4B6C-8CF1-59A1853877AC}
	EndGlobalSection
	GlobalSection(ExtensibilityGlobals) = postSolution
		SolutionGuid = {074BC23A-37C2-4E30-8B7C-FD60F2E39A48}
	EndGlobalSection
EndGlobal
